
Microsoft Visual Studio Solution File, Format Version 12.00
# Visual Studio Version 16
VisualStudioVersion = 16.0.31702.278
MinimumVisualStudioVersion = 10.0.40219.1
Project("{9A19103F-16F7-4668-BE54-9A1E7A4F7556}") = "TodoCRUDApp.Server", "Server\TodoCRUDApp.Server.csproj", "{64084AAD-3CB8-44A3-9C42-573A0DD4AA71}"
EndProject
Project("{9A19103F-16F7-4668-BE54-9A1E7A4F7556}") = "TodoCRUDApp.Client", "Client\TodoCRUDApp.Client.csproj", "{F769A916-2042-4F3D-AF78-4C7B9F4C76DF}"
EndProject
Project("{9A19103F-16F7-4668-BE54-9A1E7A4F7556}") = "TodoCRUDApp.Shared", "Shared\TodoCRUDApp.Shared.csproj", "{404A2E73-721B-4C2F-AC6B-DEA4B17D213F}"
EndProject
Global
	GlobalSection(SolutionConfigurationPlatforms) = preSolution
		Debug|Any CPU = Debug|Any CPU
		Release|Any CPU = Release|Any CPU
	EndGlobalSection
	GlobalSection(ProjectConfigurationPlatforms) = postSolution
		{64084AAD-3CB8-44A3-9C42-573A0DD4AA71}.Debug|Any CPU.ActiveCfg = Debug|Any CPU
		{64084AAD-3CB8-44A3-9C42-573A0DD4AA71}.Debug|Any CPU.Build.0 = Debug|Any CPU
		{64084AAD-3CB8-44A3-9C42-573A0DD4AA71}.Release|Any CPU.ActiveCfg = Release|Any CPU
		{64084AAD-3CB8-44A3-9C42-573A0DD4AA71}.Release|Any CPU.Build.0 = Release|Any CPU
		{F769A916-2042-4F3D-AF78-4C7B9F4C76DF}.Debug|Any CPU.ActiveCfg = Debug|Any CPU
		{F769A916-2042-4F3D-AF78-4C7B9F4C76DF}.Debug|Any CPU.Build.0 = Debug|Any CPU
		{F769A916-2042-4F3D-AF78-4C7B9F4C76DF}.Release|Any CPU.ActiveCfg = Release|Any CPU
		{F769A916-2042-4F3D-AF78-4C7B9F4C76DF}.Release|Any CPU.Build.0 = Release|Any CPU
		{404A2E73-721B-4C2F-AC6B-DEA4B17D213F}.Debug|Any CPU.ActiveCfg = Debug|Any CPU
		{404A2E73-721B-4C2F-AC6B-DEA4B17D213F}.Debug|Any CPU.Build.0 = Debug|Any CPU
		{404A2E73-721B-4C2F-AC6B-DEA4B17D213F}.Release|Any CPU.ActiveCfg = Release|Any CPU
		{404A2E73-721B-4C2F-AC6B-DEA4B17D213F}.Release|Any CPU.Build.0 = Release|Any CPU
	EndGlobalSection
	GlobalSection(SolutionProperties) = preSolution
		HideSolutionNode = FALSE
	EndGlobalSection
	GlobalSection(ExtensibilityGlobals) = postSolution
		SolutionGuid = {F33DD5D0-652D-4A45-9635-3D170C0FBBEF}
	EndGlobalSection
EndGlobal
