
Microsoft Visual Studio Solution File, Format Version 12.00
# Visual Studio Version 16
VisualStudioVersion = 16.0.31702.278
MinimumVisualStudioVersion = 10.0.40219.1
Project("{FAE04EC0-301F-11D3-BF4B-00C04F79EFBC}") = "ProductsApp", "ProductsApp.csproj", "{6675BE02-D65E-4490-AD11-3EF4119EFB79}"
EndProject
Global
	GlobalSection(SolutionConfigurationPlatforms) = preSolution
		Debug|Any CPU = Debug|Any CPU
		Release|Any CPU = Release|Any CPU
	EndGlobalSection
	GlobalSection(ProjectConfigurationPlatforms) = postSolution
		{6675BE02-D65E-4490-AD11-3EF4119EFB79}.Debug|Any CPU.ActiveCfg = Debug|Any CPU
		{6675BE02-D65E-4490-AD11-3EF4119EFB79}.Debug|Any CPU.Build.0 = Debug|Any CPU
		{6675BE02-D65E-4490-AD11-3EF4119EFB79}.Release|Any CPU.ActiveCfg = Release|Any CPU
		{6675BE02-D65E-4490-AD11-3EF4119EFB79}.Release|Any CPU.Build.0 = Release|Any CPU
	EndGlobalSection
	GlobalSection(SolutionProperties) = preSolution
		HideSolutionNode = FALSE
	EndGlobalSection
	GlobalSection(ExtensibilityGlobals) = postSolution
		SolutionGuid = {3C8421E2-89F8-4DB6-8A7F-076FB891E3DA}
	EndGlobalSection
EndGlobal
