
Microsoft Visual Studio Solution File, Format Version 12.00
# Visual Studio Version 16
VisualStudioVersion = 16.0.31702.278
MinimumVisualStudioVersion = 10.0.40219.1
Project("{FAE04EC0-301F-11D3-BF4B-00C04F79EFBC}") = "DVDStoreClientServer.Server", "Server\DVDStoreClientServer.Server.csproj", "{967D0F2B-DBA9-4518-8A6A-1ED17AB31FF8}"
EndProject
Project("{FAE04EC0-301F-11D3-BF4B-00C04F79EFBC}") = "DVDStoreClientServer.Client", "Client\DVDStoreClientServer.Client.csproj", "{4BBE7B2F-7780-4568-BE54-B2FC3C7E46A6}"
EndProject
Project("{FAE04EC0-301F-11D3-BF4B-00C04F79EFBC}") = "DVDStoreClientServer.Shared", "Shared\DVDStoreClientServer.Shared.csproj", "{4E167AE1-BF4A-43B3-ADFC-023D45D55528}"
EndProject
Global
	GlobalSection(SolutionConfigurationPlatforms) = preSolution
		Debug|Any CPU = Debug|Any CPU
		Release|Any CPU = Release|Any CPU
	EndGlobalSection
	GlobalSection(ProjectConfigurationPlatforms) = postSolution
		{967D0F2B-DBA9-4518-8A6A-1ED17AB31FF8}.Debug|Any CPU.ActiveCfg = Debug|Any CPU
		{967D0F2B-DBA9-4518-8A6A-1ED17AB31FF8}.Debug|Any CPU.Build.0 = Debug|Any CPU
		{967D0F2B-DBA9-4518-8A6A-1ED17AB31FF8}.Release|Any CPU.ActiveCfg = Release|Any CPU
		{967D0F2B-DBA9-4518-8A6A-1ED17AB31FF8}.Release|Any CPU.Build.0 = Release|Any CPU
		{4BBE7B2F-7780-4568-BE54-B2FC3C7E46A6}.Debug|Any CPU.ActiveCfg = Debug|Any CPU
		{4BBE7B2F-7780-4568-BE54-B2FC3C7E46A6}.Debug|Any CPU.Build.0 = Debug|Any CPU
		{4BBE7B2F-7780-4568-BE54-B2FC3C7E46A6}.Release|Any CPU.ActiveCfg = Release|Any CPU
		{4BBE7B2F-7780-4568-BE54-B2FC3C7E46A6}.Release|Any CPU.Build.0 = Release|Any CPU
		{4E167AE1-BF4A-43B3-ADFC-023D45D55528}.Debug|Any CPU.ActiveCfg = Debug|Any CPU
		{4E167AE1-BF4A-43B3-ADFC-023D45D55528}.Debug|Any CPU.Build.0 = Debug|Any CPU
		{4E167AE1-BF4A-43B3-ADFC-023D45D55528}.Release|Any CPU.ActiveCfg = Release|Any CPU
		{4E167AE1-BF4A-43B3-ADFC-023D45D55528}.Release|Any CPU.Build.0 = Release|Any CPU
	EndGlobalSection
	GlobalSection(SolutionProperties) = preSolution
		HideSolutionNode = FALSE
	EndGlobalSection
	GlobalSection(ExtensibilityGlobals) = postSolution
		SolutionGuid = {B119693D-547B-4437-902B-425A15EAFF7B}
	EndGlobalSection
EndGlobal
